Microsoft Visual Studio Solution File, Format Version 12.00
# Visual Studio Version 17
VisualStudioVersion = 17.5.2.0
MinimumVisualStudioVersion = 10.0.40219.1
Project("{FAE04EC0-301F-11D3-BF4B-00C04F79EFBC}") = "Game-Manager-GoldKingZ", "Game-Manager-GoldKingZ.csproj", "{04D84928-339D-45EB-A1D4-77829A85CE98}"
EndProject
Global
	GlobalSection(SolutionConfigurationPlatforms) = preSolution
		Debug|Any CPU = Debug|Any CPU
		Release|Any CPU = Release|Any CPU
	EndGlobalSection
	GlobalSection(ProjectConfigurationPlatforms) = postSolution
		{04D84928-339D-45EB-A1D4-77829A85CE98}.Debug|Any CPU.ActiveCfg = Debug|Any CPU
		{04D84928-339D-45EB-A1D4-77829A85CE98}.Debug|Any CPU.Build.0 = Debug|Any CPU
		{04D84928-339D-45EB-A1D4-77829A85CE98}.Release|Any CPU.ActiveCfg = Release|Any CPU
		{04D84928-339D-45EB-A1D4-77829A85CE98}.Release|Any CPU.Build.0 = Release|Any CPU
	EndGlobalSection
	GlobalSection(SolutionProperties) = preSolution
		HideSolutionNode = FALSE
	EndGlobalSection
	GlobalSection(ExtensibilityGlobals) = postSolution
		SolutionGuid = {FC03F669-377E-4396-A879-87628B320BCC}
	EndGlobalSection
EndGlobal
